
Microsoft Visual Studio Solution File, Format Version 12.00
# Visual Studio Version 17
VisualStudioVersion = 17.3.32922.545
MinimumVisualStudioVersion = 10.0.40219.1
Project("{9A19103F-16F7-4668-BE54-9A1E7A4F7556}") = "AuctionSystemCLI", "AuctionSystemCLI\AuctionSystemCLI.csproj", "{4695F3E8-878E-4691-AA7C-DD966B5CFDC2}"
EndProject
Project("{9A19103F-16F7-4668-BE54-9A1E7A4F7556}") = "AuctionSystemLib", "AuctionSystemLib\AuctionSystemLib.csproj", "{A8EB1FD3-2553-4EB0-917A-EF53ED8ACAB4}"
EndProject
Project("{FAE04EC0-301F-11D3-BF4B-00C04F79EFBC}") = "AuctionManagerUnitTests", "AuctionManagerUnitTests\AuctionManagerUnitTests.csproj", "{93DE7716-AC77-46AD-B419-3E5929583B41}"
EndProject
Global
	GlobalSection(SolutionConfigurationPlatforms) = preSolution
		Debug|Any CPU = Debug|Any CPU
		Release|Any CPU = Release|Any CPU
	EndGlobalSection
	GlobalSection(ProjectConfigurationPlatforms) = postSolution
		{4695F3E8-878E-4691-AA7C-DD966B5CFDC2}.Debug|Any CPU.ActiveCfg = Debug|Any CPU
		{4695F3E8-878E-4691-AA7C-DD966B5CFDC2}.Debug|Any CPU.Build.0 = Debug|Any CPU
		{4695F3E8-878E-4691-AA7C-DD966B5CFDC2}.Release|Any CPU.ActiveCfg = Release|Any CPU
		{4695F3E8-878E-4691-AA7C-DD966B5CFDC2}.Release|Any CPU.Build.0 = Release|Any CPU
		{A8EB1FD3-2553-4EB0-917A-EF53ED8ACAB4}.Debug|Any CPU.ActiveCfg = Debug|Any CPU
		{A8EB1FD3-2553-4EB0-917A-EF53ED8ACAB4}.Debug|Any CPU.Build.0 = Debug|Any CPU
		{A8EB1FD3-2553-4EB0-917A-EF53ED8ACAB4}.Release|Any CPU.ActiveCfg = Release|Any CPU
		{A8EB1FD3-2553-4EB0-917A-EF53ED8ACAB4}.Release|Any CPU.Build.0 = Release|Any CPU
		{93DE7716-AC77-46AD-B419-3E5929583B41}.Debug|Any CPU.ActiveCfg = Debug|Any CPU
		{93DE7716-AC77-46AD-B419-3E5929583B41}.Debug|Any CPU.Build.0 = Debug|Any CPU
		{93DE7716-AC77-46AD-B419-3E5929583B41}.Release|Any CPU.ActiveCfg = Release|Any CPU
		{93DE7716-AC77-46AD-B419-3E5929583B41}.Release|Any CPU.Build.0 = Release|Any CPU
	EndGlobalSection
	GlobalSection(SolutionProperties) = preSolution
		HideSolutionNode = FALSE
	EndGlobalSection
	GlobalSection(ExtensibilityGlobals) = postSolution
		SolutionGuid = {E21F9FC9-61CC-4335-8FFA-65B35DFD1D8D}
	EndGlobalSection
EndGlobal
